dependencies:
  espressif/mdns:
    component_hash: 3f3bf8ff67ec99dde4e935637af087ebc899b9fee396ffa1c9138d3775f1aca4
    dependencies:
    - name: idf
      require: private
      version: '>=5.0'
    source:
      registry_url: https://components.espressif.com/
      type: service
    version: 1.0.9
  idf:
    source:
      type: idf
    version: 5.4.0
direct_dependencies:
- espressif/mdns
- idf
manifest_hash: 71c3a92f4c4a686b63c605a6fcd04b96fae4609cef8939002e46ec1ef411c800
target: esp32s3
version: 2.0.0
